// !$*UTF8*$!
{
	archiveVersion = 1;
	classes = {
	};
	objectVersion = 77;
	objects = {

/* Begin PBXContainerItemProxy section */
		78206D8E2F8FCF0E00CD4D00 /* PBXContainerItemProxy */ = {
			isa = PBXContainerItemProxy;
			containerPortal = 78206D6F2F8FCF0C00CD4D00 /* Project object */;
			proxyType = 1;
			remoteGlobalIDString = 78206D762F8FCF0C00CD4D00;
			remoteInfo = "iOS-mini-fig";
		};
		78206D982F8FCF0E00CD4D00 /* PBXContainerItemProxy */ = {
			isa = PBXContainerItemProxy;
			containerPortal = 78206D6F2F8FCF0C00CD4D00 /* Project object */;
			proxyType = 1;
			remoteGlobalIDString = 78206D762F8FCF0C00CD4D00;
			remoteInfo = "iOS-mini-fig";
		};
/* End PBXContainerItemProxy section */

/* Begin PBXFileReference section */
		78206D772F8FCF0C00CD4D00 /* iOS-mini-fig.app */ = {isa = PBXFileReference; explicitFileType = wrapper.application; includeInIndex = 0; path = "iOS-mini-fig.app"; sourceTree = BUILT_PRODUCTS_DIR; };
		78206D8D2F8FCF0E00CD4D00 /* iOS-mini-figTests.xctest */ = {isa = PBXFileReference; explicitFileType = wrapper.cfbundle; includeInIndex = 0; path = "iOS-mini-figTests.xctest"; sourceTree = BUILT_PRODUCTS_DIR; };
		78206D972F8FCF0E00CD4D00 /* iOS-mini-figUITests.xctest */ = {isa = PBXFileReference; explicitFileType = wrapper.cfbundle; includeInIndex = 0; path = "iOS-mini-figUITests.xctest"; sourceTree = BUILT_PRODUCTS_DIR; };
/* End PBXFileReference section */

/* Begin PBXFileSystemSynchronizedBuildFileExceptionSet section */
		78206D9F2F8FCF0E00CD4D00 /* Exceptions for "iOS-mini-fig" folder in "iOS-mini-fig" target */ = {
			isa = PBXFileSystemSynchronizedBuildFileExceptionSet;
			membershipExceptions = (
				Info.plist,
			);
			target = 78206D762F8FCF0C00CD4D00 /* iOS-mini-fig */;
		};
/* End PBXFileSystemSynchronizedBuildFileExceptionSet section */

/* Begin PBXFileSystemSynchronizedRootGroup section */
		78206D792F8FCF0C00CD4D00 /* iOS-mini-fig */ = {
			isa = PBXFileSystemSynchronizedRootGroup;
			exceptions = (
				78206D9F2F8FCF0E00CD4D00 /* Exceptions for "iOS-mini-fig" folder in "iOS-mini-fig" target */,
			);
			path = "iOS-mini-fig";
			sourceTree = "<group>";
		};
		78206D902F8FCF0E00CD4D00 /* iOS-mini-figTests */ = {
			isa = PBXFileSystemSynchronizedRootGroup;
			path = "iOS-mini-figTests";
			sourceTree = "<group>";
		};
		78206D9A2F8FCF0E00CD4D00 /* iOS-mini-figUITests */ = {
			isa = PBXFileSystemSynchronizedRootGroup;
			path = "iOS-mini-figUITests";
			sourceTree = "<group>";
		};
/* End PBXFileSystemSynchronizedRootGroup section */

/* Begin PBXFrameworksBuildPhase section */
		78206D742F8FCF0C00CD4D00 /* Frameworks */ = {
			isa = PBXFrameworksBuildPhase;
			buildActionMask = 2147483647;
			files = (
			);
			runOnlyForDeploymentPostprocessing = 0;
		};
		78206D8A2F8FCF0E00CD4D00 /* Frameworks */ = {
			isa = PBXFrameworksBuildPhase;
			buildActionMask = 2147483647;
			files = (
			);
			runOnlyForDeploymentPostprocessing = 0;
		};
		78206D942F8FCF0E00CD4D00 /* Frameworks */ = {
			isa = PBXFrameworksBuildPhase;
			buildActionMask = 2147483647;
			files = (
			);
			runOnlyForDeploymentPostprocessing = 0;
		};
/* End PBXFrameworksBuildPhase section */

/* Begin PBXGroup section */
		78206D6E2F8FCF0C00CD4D00 = {
			isa = PBXGroup;
			children = (
				78206D792F8FCF0C00CD4D00 /* iOS-mini-fig */,
				78206D902F8FCF0E00CD4D00 /* iOS-mini-figTests */,
				78206D9A2F8FCF0E00CD4D00 /* iOS-mini-figUITests */,
				78206D782F8FCF0C00CD4D00 /* Products */,
			);
			sourceTree = "<group>";
		};
		78206D782F8FCF0C00CD4D00 /* Products */ = {
			isa = PBXGroup;
			children = (
				78206D772F8FCF0C00CD4D00 /* iOS-mini-fig.app */,
				78206D8D2F8FCF0E00CD4D00 /* iOS-mini-figTests.xctest */,
				78206D972F8FCF0E00CD4D00 /* iOS-mini-figUITests.xctest */,
			);
			name = Products;
			sourceTree = "<group>";
		};
/* End PBXGroup section */

/* Begin PBXNativeTarget section */
		78206D762F8FCF0C00CD4D00 /* iOS-mini-fig */ = {
			isa = PBXNativeTarget;
			buildConfigurationList = 78206DA02F8FCF0E00CD4D00 /* Build configuration list for PBXNativeTarget "iOS-mini-fig" */;
			buildPhases = (
				78206D732F8FCF0C00CD4D00 /* Sources */,
				78206D742F8FCF0C00CD4D00 /* Frameworks */,
				78206D752F8FCF0C00CD4D00 /* Resources */,
			);
			buildRules = (
			);
			dependencies = (
			);
			fileSystemSynchronizedGroups = (
				78206D792F8FCF0C00CD4D00 /* iOS-mini-fig */,
			);
			name = "iOS-mini-fig";
			packageProductDependencies = (
			);
			productName = "iOS-mini-fig";
			productReference = 78206D772F8FCF0C00CD4D00 /* iOS-mini-fig.app */;
			productType = "com.apple.product-type.application";
		};
		78206D8C2F8FCF0E00CD4D00 /* iOS-mini-figTests */ = {
			isa = PBXNativeTarget;
			buildConfigurationList = 78206DA52F8FCF0E00CD4D00 /* Build configuration list for PBXNativeTarget "iOS-mini-figTests" */;
			buildPhases = (
				78206D892F8FCF0E00CD4D00 /* Sources */,
				78206D8A2F8FCF0E00CD4D00 /* Frameworks */,
				78206D8B2F8FCF0E00CD4D00 /* Resources */,
			);
			buildRules = (
			);
			dependencies = (
				78206D8F2F8FCF0E00CD4D00 /* PBXTargetDependency */,
			);
			fileSystemSynchronizedGroups = (
				78206D902F8FCF0E00CD4D00 /* iOS-mini-figTests */,
			);
			name = "iOS-mini-figTests";
			packageProductDependencies = (
			);
			productName = "iOS-mini-figTests";
			productReference = 78206D8D2F8FCF0E00CD4D00 /* iOS-mini-figTests.xctest */;
			productType = "com.apple.product-type.bundle.unit-test";
		};
		78206D962F8FCF0E00CD4D00 /* iOS-mini-figUITests */ = {
			isa = PBXNativeTarget;
			buildConfigurationList = 78206DA82F8FCF0E00CD4D00 /* Build configuration list for PBXNativeTarget "iOS-mini-figUITests" */;
			buildPhases = (
				78206D932F8FCF0E00CD4D00 /* Sources */,
				78206D942F8FCF0E00CD4D00 /* Frameworks */,
				78206D952F8FCF0E00CD4D00 /* Resources */,
			);
			buildRules = (
			);
			dependencies = (
				78206D992F8FCF0E00CD4D00 /* PBXTargetDependency */,
			);
			fileSystemSynchronizedGroups = (
				78206D9A2F8FCF0E00CD4D00 /* iOS-mini-figUITests */,
			);
			name = "iOS-mini-figUITests";
			packageProductDependencies = (
			);
			productName = "iOS-mini-figUITests";
			productReference = 78206D972F8FCF0E00CD4D00 /* iOS-mini-figUITests.xctest */;
			productType = "com.apple.product-type.bundle.ui-testing";
		};
/* End PBXNativeTarget section */

/* Begin PBXProject section */
		78206D6F2F8FCF0C00CD4D00 /* Project object */ = {
			isa = PBXProject;
			attributes = {
				BuildIndependentTargetsInParallel = 1;
				LastSwiftUpdateCheck = 2610;
				LastUpgradeCheck = 2610;
				TargetAttributes = {
					78206D762F8FCF0C00CD4D00 = {
						CreatedOnToolsVersion = 26.1;
					};
					78206D8C2F8FCF0E00CD4D00 = {
						CreatedOnToolsVersion = 26.1;
						TestTargetID = 78206D762F8FCF0C00CD4D00;
					};
					78206D962F8FCF0E00CD4D00 = {
						CreatedOnToolsVersion = 26.1;
						TestTargetID = 78206D762F8FCF0C00CD4D00;
					};
				};
			};
			buildConfigurationList = 78206D722F8FCF0C00CD4D00 /* Build configuration list for PBXProject "iOS-mini-fig" */;
			developmentRegion = en;
			hasScannedForEncodings = 0;
			knownRegions = (
				en,
				Base,
			);
			mainGroup = 78206D6E2F8FCF0C00CD4D00;
			minimizedProjectReferenceProxies = 1;
			preferredProjectObjectVersion = 77;
			productRefGroup = 78206D782F8FCF0C00CD4D00 /* Products */;
			projectDirPath = "";
			projectRoot = "";
			targets = (
				78206D762F8FCF0C00CD4D00 /* iOS-mini-fig */,
				78206D8C2F8FCF0E00CD4D00 /* iOS-mini-figTests */,
				78206D962F8FCF0E00CD4D00 /* iOS-mini-figUITests */,
			);
		};
/* End PBXProject section */

/* Begin PBXResourcesBuildPhase section */
		78206D752F8FCF0C00CD4D00 /* Resources */ = {
			isa = PBXResourcesBuildPhase;
			buildActionMask = 2147483647;
			files = (
			);
			runOnlyForDeploymentPostprocessing = 0;
		};
		78206D8B2F8FCF0E00CD4D00 /* Resources */ = {
			isa = PBXResourcesBuildPhase;
			buildActionMask = 2147483647;
			files = (
			);
			runOnlyForDeploymentPostprocessing = 0;
		};
		78206D952F8FCF0E00CD4D00 /* Resources */ = {
			isa = PBXResourcesBuildPhase;
			buildActionMask = 2147483647;
			files = (
			);
			runOnlyForDeploymentPostprocessing = 0;
		};
/* End PBXResourcesBuildPhase section */

/* Begin PBXSourcesBuildPhase section */
		78206D732F8FCF0C00CD4D00 /* Sources */ = {
			isa = PBXSourcesBuildPhase;
			buildActionMask = 2147483647;
			files = (
			);
			runOnlyForDeploymentPostprocessing = 0;
		};
		78206D892F8FCF0E00CD4D00 /* Sources */ = {
			isa = PBXSourcesBuildPhase;
			buildActionMask = 2147483647;
			files = (
			);
			runOnlyForDeploymentPostprocessing = 0;
		};
		78206D932F8FCF0E00CD4D00 /* Sources */ = {
			isa = PBXSourcesBuildPhase;
			buildActionMask = 2147483647;
			files = (
			);
			runOnlyForDeploymentPostprocessing = 0;
		};
/* End PBXSourcesBuildPhase section */

/* Begin PBXTargetDependency section */
		78206D8F2F8FCF0E00CD4D00 /* PBXTargetDependency */ = {
			isa = PBXTargetDependency;
			target = 78206D762F8FCF0C00CD4D00 /* iOS-mini-fig */;
			targetProxy = 78206D8E2F8FCF0E00CD4D00 /* PBXContainerItemProxy */;
		};
		78206D992F8FCF0E00CD4D00 /* PBXTargetDependency */ = {
			isa = PBXTargetDependency;
			target = 78206D762F8FCF0C00CD4D00 /* iOS-mini-fig */;
			targetProxy = 78206D982F8FCF0E00CD4D00 /* PBXContainerItemProxy */;
		};
/* End PBXTargetDependency section */

/* Begin XCBuildConfiguration section */
		78206DA12F8FCF0E00CD4D00 /* Debug */ = {
			isa = XCBuildConfiguration;
			buildSettings = {
				ASSETCATALOG_COMPILER_APPICON_NAME = AppIcon;
				ASSETCATALOG_COMPILER_GLOBAL_ACCENT_COLOR_NAME = AccentColor;
				CODE_SIGN_STYLE = Automatic;
				CURRENT_PROJECT_VERSION = 1;
				DEVELOPMENT_TEAM = D2DRA3F792;
				GENERATE_INFOPLIST_FILE = YES;
				INFOPLIST_FILE = "iOS-mini-fig/Info.plist";
				INFOPLIST_KEY_UIApplicationSupportsIndirectInputEvents = YES;
				INFOPLIST_KEY_UILaunchStoryboardName = LaunchScreen;
				INFOPLIST_KEY_UIMainStoryboardFile = Main;
				INFOPLIST_KEY_UISupportedInterfaceOrientations_iPad = "UIInterfaceOrientationPortrait UIInterfaceOrientationPortraitUpsideDown UIInterfaceOrientationLandscapeLeft UIInterfaceOrientationLandscapeRight";
				INFOPLIST_KEY_UISupportedInterfaceOrientations_iPhone = "UIInterfaceOrientationPortrait UIInterfaceOrientationLandscapeLeft UIInterfaceOrientationLandscapeRight";
				LD_RUNPATH_SEARCH_PATHS = (
					"$(inherited)",
					"@executable_path/Frameworks",
				);
				MARKETING_VERSION = 1.0;
				PRODUCT_BUNDLE_IDENTIFIER = "yizihn.com.iOS-mini-fig";
				PRODUCT_NAME = "$(TARGET_NAME)";
				STRING_CATALOG_GENERATE_SYMBOLS = YES;
				SWIFT_APPROACHABLE_CONCURRENCY = YES;
				SWIFT_DEFAULT_ACTOR_ISOLATION = MainActor;
				SWIFT_EMIT_LOC_STRINGS = YES;
				SWIFT_UPCOMING_FEATURE_MEMBER_IMPORT_VISIBILITY = YES;
				SWIFT_VERSION = 5.0;
				TARGETED_DEVICE_FAMILY = "1,2";
			};
			name = Debug;
		};
		78206DA22F8FCF0E00CD4D00 /* Release */ = {
			isa = XCBuildConfiguration;
			buildSettings = {
				ASSETCATALOG_COMPILER_APPICON_NAME = AppIcon;
				ASSETCATALOG_COMPILER_GLOBAL_ACCENT_COLOR_NAME = AccentColor;
				CODE_SIGN_STYLE = Automatic;
				CURRENT_PROJECT_VERSION = 1;
				DEVELOPMENT_TEAM = D2DRA3F792;
				GENERATE_INFOPLIST_FILE = YES;
				INFOPLIST_FILE = "iOS-mini-fig/Info.plist";
				INFOPLIST_KEY_UIApplicationSupportsIndirectInputEvents = YES;
				INFOPLIST_KEY_UILaunchStoryboardName = LaunchScreen;
				INFOPLIST_KEY_UIMainStoryboardFile = Main;
				INFOPLIST_KEY_UISupportedInterfaceOrientations_iPad = "UIInterfaceOrientationPortrait UIInterfaceOrientationPortraitUpsideDown UIInterfaceOrientationLandscapeLeft UIInterfaceOrientationLandscapeRight";
				INFOPLIST_KEY_UISupportedInterfaceOrientations_iPhone = "UIInterfaceOrientationPortrait UIInterfaceOrientationLandscapeLeft UIInterfaceOrientationLandscapeRight";
				LD_RUNPATH_SEARCH_PATHS = (
					"$(inherited)",
					"@executable_path/Frameworks",
				);
				MARKETING_VERSION = 1.0;
				PRODUCT_BUNDLE_IDENTIFIER = "yizihn.com.iOS-mini-fig";
				PRODUCT_NAME = "$(TARGET_NAME)";
				STRING_CATALOG_GENERATE_SYMBOLS = YES;
				SWIFT_APPROACHABLE_CONCURRENCY = YES;
				SWIFT_DEFAULT_ACTOR_ISOLATION = MainActor;
				SWIFT_EMIT_LOC_STRINGS = YES;
				SWIFT_UPCOMING_FEATURE_MEMBER_IMPORT_VISIBILITY = YES;
				SWIFT_VERSION = 5.0;
				TARGETED_DEVICE_FAMILY = "1,2";
			};
			name = Release;
		};
		78206DA32F8FCF0E00CD4D00 /* Debug */ = {
			isa = XCBuildConfiguration;
			buildSettings = {
				ALWAYS_SEARCH_USER_PATHS = NO;
				ASSETCATALOG_COMPILER_GENERATE_SWIFT_ASSET_SYMBOL_EXTENSIONS = YES;
				CLANG_ANALYZER_NONNULL = YES;
				CLANG_ANALYZER_NUMBER_OBJECT_CONVERSION = YES_AGGRESSIVE;
				CLANG_CXX_LANGUAGE_STANDARD = "gnu++20";
				CLANG_ENABLE_MODULES = YES;
				CLANG_ENABLE_OBJC_ARC = YES;
				CLANG_ENABLE_OBJC_WEAK = YES;
				CLANG_WARN_BLOCK_CAPTURE_AUTORELEASING = YES;
				CLANG_WARN_BOOL_CONVERSION = YES;
				CLANG_WARN_COMMA = YES;
				CLANG_WARN_CONSTANT_CONVERSION = YES;
				CLANG_WARN_DEPRECATED_OBJC_IMPLEMENTATIONS = YES;
				CLANG_WARN_DIRECT_OBJC_ISA_USAGE = YES_ERROR;
				CLANG_WARN_DOCUMENTATION_COMMENTS = YES;
				CLANG_WARN_EMPTY_BODY = YES;
				CLANG_WARN_ENUM_CONVERSION = YES;
				CLANG_WARN_INFINITE_RECURSION = YES;
				CLANG_WARN_INT_CONVERSION = YES;
				CLANG_WARN_NON_LITERAL_NULL_CONVERSION = YES;
				CLANG_WARN_OBJC_IMPLICIT_RETAIN_SELF = YES;
				CLANG_WARN_OBJC_LITERAL_CONVERSION = YES;
				CLANG_WARN_OBJC_ROOT_CLASS = YES_ERROR;
				CLANG_WARN_QUOTED_INCLUDE_IN_FRAMEWORK_HEADER = YES;
				CLANG_WARN_RANGE_LOOP_ANALYSIS = YES;
				CLANG_WARN_STRICT_PROTOTYPES = YES;
				CLANG_WARN_SUSPICIOUS_MOVE = YES;
				CLANG_WARN_UNGUARDED_AVAILABILITY = YES_AGGRESSIVE;
				CLANG_WARN_UNREACHABLE_CODE = YES;
				CLANG_WARN__DUPLICATE_METHOD_MATCH = YES;
				COPY_PHASE_STRIP = NO;
				DEBUG_INFORMATION_FORMAT = dwarf;
				DEVELOPMENT_TEAM = D2DRA3F792;
				ENABLE_STRICT_OBJC_MSGSEND = YES;
				ENABLE_TESTABILITY = YES;
				ENABLE_USER_SCRIPT_SANDBOXING = YES;
				GCC_C_LANGUAGE_STANDARD = gnu17;
				GCC_DYNAMIC_NO_PIC = NO;
				GCC_NO_COMMON_BLOCKS = YES;
				GCC_OPTIMIZATION_LEVEL = 0;
				GCC_PREPROCESSOR_DEFINITIONS = (
					"DEBUG=1",
					"$(inherited)",
				);
				GCC_WARN_64_TO_32_BIT_CONVERSION = YES;
				GCC_WARN_ABOUT_RETURN_TYPE = YES_ERROR;
				GCC_WARN_UNDECLARED_SELECTOR = YES;
				GCC_WARN_UNINITIALIZED_AUTOS = YES_AGGRESSIVE;
				GCC_WARN_UNUSED_FUNCTION = YES;
				GCC_WARN_UNUSED_VARIABLE = YES;
				IPHONEOS_DEPLOYMENT_TARGET = 26.1;
				LOCALIZATION_PREFERS_STRING_CATALOGS = YES;
				MTL_ENABLE_DEBUG_INFO = INCLUDE_SOURCE;
				MTL_FAST_MATH = YES;
				ONLY_ACTIVE_ARCH = YES;
				SDKROOT = iphoneos;
				SWIFT_ACTIVE_COMPILATION_CONDITIONS = "DEBUG $(inherited)";
				SWIFT_OPTIMIZATION_LEVEL = "-Onone";
			};
			name = Debug;
		};
		78206DA42F8FCF0E00CD4D00 /* Release */ = {
			isa = XCBuildConfiguration;
			buildSettings = {
				ALWAYS_SEARCH_USER_PATHS = NO;
				ASSETCATALOG_COMPILER_GENERATE_SWIFT_ASSET_SYMBOL_EXTENSIONS = YES;
				CLANG_ANALYZER_NONNULL = YES;
				CLANG_ANALYZER_NUMBER_OBJECT_CONVERSION = YES_AGGRESSIVE;
				CLANG_CXX_LANGUAGE_STANDARD = "gnu++20";
				CLANG_ENABLE_MODULES = YES;
				CLANG_ENABLE_OBJC_ARC = YES;
				CLANG_ENABLE_OBJC_WEAK = YES;
				CLANG_WARN_BLOCK_CAPTURE_AUTORELEASING = YES;
				CLANG_WARN_BOOL_CONVERSION = YES;
				CLANG_WARN_COMMA = YES;
				CLANG_WARN_CONSTANT_CONVERSION = YES;
				CLANG_WARN_DEPRECATED_OBJC_IMPLEMENTATIONS = YES;
				CLANG_WARN_DIRECT_OBJC_ISA_USAGE = YES_ERROR;
				CLANG_WARN_DOCUMENTATION_COMMENTS = YES;
				CLANG_WARN_EMPTY_BODY = YES;
				CLANG_WARN_ENUM_CONVERSION = YES;
				CLANG_WARN_INFINITE_RECURSION = YES;
				CLANG_WARN_INT_CONVERSION = YES;
				CLANG_WARN_NON_LITERAL_NULL_CONVERSION = YES;
				CLANG_WARN_OBJC_IMPLICIT_RETAIN_SELF = YES;
				CLANG_WARN_OBJC_LITERAL_CONVERSION = YES;
				CLANG_WARN_OBJC_ROOT_CLASS = YES_ERROR;
				CLANG_WARN_QUOTED_INCLUDE_IN_FRAMEWORK_HEADER = YES;
				CLANG_WARN_RANGE_LOOP_ANALYSIS = YES;
				CLANG_WARN_STRICT_PROTOTYPES = YES;
				CLANG_WARN_SUSPICIOUS_MOVE = YES;
				CLANG_WARN_UNGUARDED_AVAILABILITY = YES_AGGRESSIVE;
				CLANG_WARN_UNREACHABLE_CODE = YES;
				CLANG_WARN__DUPLICATE_METHOD_MATCH = YES;
				COPY_PHASE_STRIP = NO;
				DEBUG_INFORMATION_FORMAT = "dwarf-with-dsym";
				DEVELOPMENT_TEAM = D2DRA3F792;
				ENABLE_NS_ASSERTIONS = NO;
				ENABLE_STRICT_OBJC_MSGSEND = YES;
				ENABLE_USER_SCRIPT_SANDBOXING = YES;
				GCC_C_LANGUAGE_STANDARD = gnu17;
				GCC_NO_COMMON_BLOCKS = YES;
				GCC_WARN_64_TO_32_BIT_CONVERSION = YES;
				GCC_WARN_ABOUT_RETURN_TYPE = YES_ERROR;
				GCC_WARN_UNDECLARED_SELECTOR = YES;
				GCC_WARN_UNINITIALIZED_AUTOS = YES_AGGRESSIVE;
				GCC_WARN_UNUSED_FUNCTION = YES;
				GCC_WARN_UNUSED_VARIABLE = YES;
				IPHONEOS_DEPLOYMENT_TARGET = 26.1;
				LOCALIZATION_PREFERS_STRING_CATALOGS = YES;
				MTL_ENABLE_DEBUG_INFO = NO;
				MTL_FAST_MATH = YES;
				SDKROOT = iphoneos;
				SWIFT_COMPILATION_MODE = wholemodule;
				VALIDATE_PRODUCT = YES;
			};
			name = Release;
		};
		78206DA62F8FCF0E00CD4D00 /* Debug */ = {
			isa = XCBuildConfiguration;
			buildSettings = {
				BUNDLE_LOADER = "$(TEST_HOST)";
				CODE_SIGN_STYLE = Automatic;
				CURRENT_PROJECT_VERSION = 1;
				DEVELOPMENT_TEAM = D2DRA3F792;
				GENERATE_INFOPLIST_FILE = YES;
				IPHONEOS_DEPLOYMENT_TARGET = 26.1;
				MARKETING_VERSION = 1.0;
				PRODUCT_BUNDLE_IDENTIFIER = "yizihn.com.iOS-mini-figTests";
				PRODUCT_NAME = "$(TARGET_NAME)";
				STRING_CATALOG_GENERATE_SYMBOLS = NO;
				SWIFT_APPROACHABLE_CONCURRENCY = YES;
				SWIFT_EMIT_LOC_STRINGS = NO;
				SWIFT_UPCOMING_FEATURE_MEMBER_IMPORT_VISIBILITY = YES;
				SWIFT_VERSION = 5.0;
				TARGETED_DEVICE_FAMILY = "1,2";
				TEST_HOST = "$(BUILT_PRODUCTS_DIR)/iOS-mini-fig.app/$(BUNDLE_EXECUTABLE_FOLDER_PATH)/iOS-mini-fig";
			};
			name = Debug;
		};
		78206DA72F8FCF0E00CD4D00 /* Release */ = {
			isa = XCBuildConfiguration;
			buildSettings = {
				BUNDLE_LOADER = "$(TEST_HOST)";
				CODE_SIGN_STYLE = Automatic;
				CURRENT_PROJECT_VERSION = 1;
				DEVELOPMENT_TEAM = D2DRA3F792;
				GENERATE_INFOPLIST_FILE = YES;
				IPHONEOS_DEPLOYMENT_TARGET = 26.1;
				MARKETING_VERSION = 1.0;
				PRODUCT_BUNDLE_IDENTIFIER = "yizihn.com.iOS-mini-figTests";
				PRODUCT_NAME = "$(TARGET_NAME)";
				STRING_CATALOG_GENERATE_SYMBOLS = NO;
				SWIFT_APPROACHABLE_CONCURRENCY = YES;
				SWIFT_EMIT_LOC_STRINGS = NO;
				SWIFT_UPCOMING_FEATURE_MEMBER_IMPORT_VISIBILITY = YES;
				SWIFT_VERSION = 5.0;
				TARGETED_DEVICE_FAMILY = "1,2";
				TEST_HOST = "$(BUILT_PRODUCTS_DIR)/iOS-mini-fig.app/$(BUNDLE_EXECUTABLE_FOLDER_PATH)/iOS-mini-fig";
			};
			name = Release;
		};
		78206DA92F8FCF0E00CD4D00 /* Debug */ = {
			isa = XCBuildConfiguration;
			buildSettings = {
				CODE_SIGN_STYLE = Automatic;
				CURRENT_PROJECT_VERSION = 1;
				DEVELOPMENT_TEAM = D2DRA3F792;
				GENERATE_INFOPLIST_FILE = YES;
				MARKETING_VERSION = 1.0;
				PRODUCT_BUNDLE_IDENTIFIER = "yizihn.com.iOS-mini-figUITests";
				PRODUCT_NAME = "$(TARGET_NAME)";
				STRING_CATALOG_GENERATE_SYMBOLS = NO;
				SWIFT_APPROACHABLE_CONCURRENCY = YES;
				SWIFT_EMIT_LOC_STRINGS = NO;
				SWIFT_UPCOMING_FEATURE_MEMBER_IMPORT_VISIBILITY = YES;
				SWIFT_VERSION = 5.0;
				TARGETED_DEVICE_FAMILY = "1,2";
				TEST_TARGET_NAME = "iOS-mini-fig";
			};
			name = Debug;
		};
		78206DAA2F8FCF0E00CD4D00 /* Release */ = {
			isa = XCBuildConfiguration;
			buildSettings = {
				CODE_SIGN_STYLE = Automatic;
				CURRENT_PROJECT_VERSION = 1;
				DEVELOPMENT_TEAM = D2DRA3F792;
				GENERATE_INFOPLIST_FILE = YES;
				MARKETING_VERSION = 1.0;
				PRODUCT_BUNDLE_IDENTIFIER = "yizihn.com.iOS-mini-figUITests";
				PRODUCT_NAME = "$(TARGET_NAME)";
				STRING_CATALOG_GENERATE_SYMBOLS = NO;
				SWIFT_APPROACHABLE_CONCURRENCY = YES;
				SWIFT_EMIT_LOC_STRINGS = NO;
				SWIFT_UPCOMING_FEATURE_MEMBER_IMPORT_VISIBILITY = YES;
				SWIFT_VERSION = 5.0;
				TARGETED_DEVICE_FAMILY = "1,2";
				TEST_TARGET_NAME = "iOS-mini-fig";
			};
			name = Release;
		};
/* End XCBuildConfiguration section */

/* Begin XCConfigurationList section */
		78206D722F8FCF0C00CD4D00 /* Build configuration list for PBXProject "iOS-mini-fig" */ = {
			isa = XCConfigurationList;
			buildConfigurations = (
				78206DA32F8FCF0E00CD4D00 /* Debug */,
				78206DA42F8FCF0E00CD4D00 /* Release */,
			);
			defaultConfigurationIsVisible = 0;
			defaultConfigurationName = Release;
		};
		78206DA02F8FCF0E00CD4D00 /* Build configuration list for PBXNativeTarget "iOS-mini-fig" */ = {
			isa = XCConfigurationList;
			buildConfigurations = (
				78206DA12F8FCF0E00CD4D00 /* Debug */,
				78206DA22F8FCF0E00CD4D00 /* Release */,
			);
			defaultConfigurationIsVisible = 0;
			defaultConfigurationName = Release;
		};
		78206DA52F8FCF0E00CD4D00 /* Build configuration list for PBXNativeTarget "iOS-mini-figTests" */ = {
			isa = XCConfigurationList;
			buildConfigurations = (
				78206DA62F8FCF0E00CD4D00 /* Debug */,
				78206DA72F8FCF0E00CD4D00 /* Release */,
			);
			defaultConfigurationIsVisible = 0;
			defaultConfigurationName = Release;
		};
		78206DA82F8FCF0E00CD4D00 /* Build configuration list for PBXNativeTarget "iOS-mini-figUITests" */ = {
			isa = XCConfigurationList;
			buildConfigurations = (
				78206DA92F8FCF0E00CD4D00 /* Debug */,
				78206DAA2F8FCF0E00CD4D00 /* Release */,
			);
			defaultConfigurationIsVisible = 0;
			defaultConfigurationName = Release;
		};
/* End XCConfigurationList section */
	};
	rootObject = 78206D6F2F8FCF0C00CD4D00 /* Project object */;
}
